dependencies:
  idf:
    component_hash: null
    source:
      type: idf
    version: 5.4.0
  protocol_examples_common:
    component_hash: null
    source:
      path: /home/ashley/work/esp-idf/examples/common_components/protocol_examples_common
      type: local
    version: '*'
manifest_hash: e087b417b308df10e4aa379778d423e612f9c0baf3fcff4688e31d9dd2d69907
target: esp32
version: 1.0.0
